// !$*UTF8*$!
{
	archiveVersion = 1;
	classes = {
	};
	objectVersion = 56;
	objects = {

/* Begin PBXBuildFile section */
		E64F745B2A68C881001FD7AF /* AfricaApp.swift in Sources */ = {isa = PBXBuildFile; fileRef = E64F745A2A68C881001FD7AF /* AfricaApp.swift */; };
		E64F745D2A68C881001FD7AF /* ContentView.swift in Sources */ = {isa = PBXBuildFile; fileRef = E64F745C2A68C881001FD7AF /* ContentView.swift */; };
		E64F745F2A68C883001FD7AF /* Assets.xcassets in Resources */ = {isa = PBXBuildFile; fileRef = E64F745E2A68C883001FD7AF /* Assets.xcassets */; };
		E64F74622A68C883001FD7AF /* Preview Assets.xcassets in Resources */ = {isa = PBXBuildFile; fileRef = E64F74612A68C883001FD7AF /* Preview Assets.xcassets */; };
		E64F74732A68CCA0001FD7AF /* lion.mp4 in Resources */ = {isa = PBXBuildFile; fileRef = E64F74692A68CC9E001FD7AF /* lion.mp4 */; };
		E64F74742A68CCA0001FD7AF /* zebra.mp4 in Resources */ = {isa = PBXBuildFile; fileRef = E64F746A2A68CC9E001FD7AF /* zebra.mp4 */; };
		E64F74752A68CCA0001FD7AF /* giraffe.mp4 in Resources */ = {isa = PBXBuildFile; fileRef = E64F746B2A68CC9E001FD7AF /* giraffe.mp4 */; };
		E64F74762A68CCA0001FD7AF /* cheetah.mp4 in Resources */ = {isa = PBXBuildFile; fileRef = E64F746C2A68CC9F001FD7AF /* cheetah.mp4 */; };
		E64F74772A68CCA0001FD7AF /* lioness.mp4 in Resources */ = {isa = PBXBuildFile; fileRef = E64F746D2A68CC9F001FD7AF /* lioness.mp4 */; };
		E64F74782A68CCA0001FD7AF /* rhino.mp4 in Resources */ = {isa = PBXBuildFile; fileRef = E64F746E2A68CC9F001FD7AF /* rhino.mp4 */; };
		E64F74792A68CCA0001FD7AF /* gorilla.mp4 in Resources */ = {isa = PBXBuildFile; fileRef = E64F746F2A68CC9F001FD7AF /* gorilla.mp4 */; };
		E64F747A2A68CCA0001FD7AF /* ostrich.mp4 in Resources */ = {isa = PBXBuildFile; fileRef = E64F74702A68CC9F001FD7AF /* ostrich.mp4 */; };
		E64F747B2A68CCA0001FD7AF /* hippo.mp4 in Resources */ = {isa = PBXBuildFile; fileRef = E64F74712A68CCA0001FD7AF /* hippo.mp4 */; };
		E64F747C2A68CCA0001FD7AF /* elephant.mp4 in Resources */ = {isa = PBXBuildFile; fileRef = E64F74722A68CCA0001FD7AF /* elephant.mp4 */; };
		E64F74822A68CCC0001FD7AF /* covers.json in Resources */ = {isa = PBXBuildFile; fileRef = E64F747E2A68CCC0001FD7AF /* covers.json */; };
		E64F74832A68CCC0001FD7AF /* videos.json in Resources */ = {isa = PBXBuildFile; fileRef = E64F747F2A68CCC0001FD7AF /* videos.json */; };
		E64F74842A68CCC0001FD7AF /* animals.json in Resources */ = {isa = PBXBuildFile; fileRef = E64F74802A68CCC0001FD7AF /* animals.json */; };
		E64F74852A68CCC0001FD7AF /* locations.json in Resources */ = {isa = PBXBuildFile; fileRef = E64F74812A68CCC0001FD7AF /* locations.json */; };
		E64F74892A68D0B8001FD7AF /* VideoListView.swift in Sources */ = {isa = PBXBuildFile; fileRef = E64F74882A68D0B8001FD7AF /* VideoListView.swift */; };
		E64F748B2A68D0E2001FD7AF /* MapView.swift in Sources */ = {isa = PBXBuildFile; fileRef = E64F748A2A68D0E2001FD7AF /* MapView.swift */; };
		E64F748D2A68D0ED001FD7AF /* GalleryView.swift in Sources */ = {isa = PBXBuildFile; fileRef = E64F748C2A68D0ED001FD7AF /* GalleryView.swift */; };
		E64F748F2A68D0F7001FD7AF /* MainView.swift in Sources */ = {isa = PBXBuildFile; fileRef = E64F748E2A68D0F7001FD7AF /* MainView.swift */; };
		E64F74922A68E3DB001FD7AF /* CoverImageView.swift in Sources */ = {isa = PBXBuildFile; fileRef = E64F74912A68E3DB001FD7AF /* CoverImageView.swift */; };
		E64F74952A691A3B001FD7AF /* CoverImageModel.swift in Sources */ = {isa = PBXBuildFile; fileRef = E64F74942A691A3B001FD7AF /* CoverImageModel.swift */; };
		E64F74982A691B37001FD7AF /* CodableBundleExtension.swift in Sources */ = {isa = PBXBuildFile; fileRef = E64F74972A691B37001FD7AF /* CodableBundleExtension.swift */; };
		E64F749C2A692ABB001FD7AF /* AnimalListItemView.swift in Sources */ = {isa = PBXBuildFile; fileRef = E64F749B2A692ABB001FD7AF /* AnimalListItemView.swift */; };
		E64F749E2A693432001FD7AF /* AnimalModel.swift in Sources */ = {isa = PBXBuildFile; fileRef = E64F749D2A693431001FD7AF /* AnimalModel.swift */; };
		E64F74A22A6A2386001FD7AF /* AnimalDetailView.swift in Sources */ = {isa = PBXBuildFile; fileRef = E64F74A12A6A2386001FD7AF /* AnimalDetailView.swift */; };
		E65BFF182A8FCE8B003820BD /* VideoModel.swift in Sources */ = {isa = PBXBuildFile; fileRef = E65BFF172A8FCE8B003820BD /* VideoModel.swift */; };
		E65BFF1A2A8FCF29003820BD /* VideoListItemView.swift in Sources */ = {isa = PBXBuildFile; fileRef = E65BFF192A8FCF29003820BD /* VideoListItemView.swift */; };
		E694E66A2A9DE186003AA15E /* VideoPlayerView.swift in Sources */ = {isa = PBXBuildFile; fileRef = E694E6692A9DE186003AA15E /* VideoPlayerView.swift */; };
		E694E66D2A9DE2F3003AA15E /* VideoPlayerHelper.swift in Sources */ = {isa = PBXBuildFile; fileRef = E694E66C2A9DE2F3003AA15E /* VideoPlayerHelper.swift */; };
		E694E66F2A9DEA6E003AA15E /* LocationModel.swift in Sources */ = {isa = PBXBuildFile; fileRef = E694E66E2A9DEA6E003AA15E /* LocationModel.swift */; };
		E694E6732A9EF4D7003AA15E /* MapAnnotationView.swift in Sources */ = {isa = PBXBuildFile; fileRef = E694E6722A9EF4D7003AA15E /* MapAnnotationView.swift */; };
		E694E6752A9F12B5003AA15E /* MotionAnimationView.swift in Sources */ = {isa = PBXBuildFile; fileRef = E694E6742A9F12B4003AA15E /* MotionAnimationView.swift */; };
		E6D42BF42A73B2CA0070B058 /* HeadingView.swift in Sources */ = {isa = PBXBuildFile; fileRef = E6D42BF32A73B2CA0070B058 /* HeadingView.swift */; };
		E6D42BF62A73B56D0070B058 /* InsideGalleryView.swift in Sources */ = {isa = PBXBuildFile; fileRef = E6D42BF52A73B56D0070B058 /* InsideGalleryView.swift */; };
		E6D42BF82A73BB220070B058 /* InsetFactView.swift in Sources */ = {isa = PBXBuildFile; fileRef = E6D42BF72A73BB220070B058 /* InsetFactView.swift */; };
		E6D42BFA2A73BF9F0070B058 /* InsetMapView.swift in Sources */ = {isa = PBXBuildFile; fileRef = E6D42BF92A73BF9F0070B058 /* InsetMapView.swift */; };
		E6D42BFC2A73C8950070B058 /* ExternalWeblinkView.swift in Sources */ = {isa = PBXBuildFile; fileRef = E6D42BFB2A73C8950070B058 /* ExternalWeblinkView.swift */; };
/* End PBXBuildFile section */

/* Begin PBXFileReference section */
		E64F74572A68C881001FD7AF /* Africa.app */ = {isa = PBXFileReference; explicitFileType = wrapper.application; includeInIndex = 0; path = Africa.app; sourceTree = BUILT_PRODUCTS_DIR; };
		E64F745A2A68C881001FD7AF /* AfricaApp.swift */ = {isa = PBXFileReference; lastKnownFileType = sourcecode.swift; path = AfricaApp.swift; sourceTree = "<group>"; };
		E64F745C2A68C881001FD7AF /* ContentView.swift */ = {isa = PBXFileReference; lastKnownFileType = sourcecode.swift; path = ContentView.swift; sourceTree = "<group>"; };
		E64F745E2A68C883001FD7AF /* Assets.xcassets */ = {isa = PBXFileReference; lastKnownFileType = folder.assetcatalog; path = Assets.xcassets; sourceTree = "<group>"; };
		E64F74612A68C883001FD7AF /* Preview Assets.xcassets */ = {isa = PBXFileReference; lastKnownFileType = folder.assetcatalog; path = "Preview Assets.xcassets"; sourceTree = "<group>"; };
		E64F74692A68CC9E001FD7AF /* lion.mp4 */ = {isa = PBXFileReference; lastKnownFileType = file; path = lion.mp4; sourceTree = "<group>"; };
		E64F746A2A68CC9E001FD7AF /* zebra.mp4 */ = {isa = PBXFileReference; lastKnownFileType = file; path = zebra.mp4; sourceTree = "<group>"; };
		E64F746B2A68CC9E001FD7AF /* giraffe.mp4 */ = {isa = PBXFileReference; lastKnownFileType = file; path = giraffe.mp4; sourceTree = "<group>"; };
		E64F746C2A68CC9F001FD7AF /* cheetah.mp4 */ = {isa = PBXFileReference; lastKnownFileType = file; path = cheetah.mp4; sourceTree = "<group>"; };
		E64F746D2A68CC9F001FD7AF /* lioness.mp4 */ = {isa = PBXFileReference; lastKnownFileType = file; path = lioness.mp4; sourceTree = "<group>"; };
		E64F746E2A68CC9F001FD7AF /* rhino.mp4 */ = {isa = PBXFileReference; lastKnownFileType = file; path = rhino.mp4; sourceTree = "<group>"; };
		E64F746F2A68CC9F001FD7AF /* gorilla.mp4 */ = {isa = PBXFileReference; lastKnownFileType = file; path = gorilla.mp4; sourceTree = "<group>"; };
		E64F74702A68CC9F001FD7AF /* ostrich.mp4 */ = {isa = PBXFileReference; lastKnownFileType = file; path = ostrich.mp4; sourceTree = "<group>"; };
		E64F74712A68CCA0001FD7AF /* hippo.mp4 */ = {isa = PBXFileReference; lastKnownFileType = file; path = hippo.mp4; sourceTree = "<group>"; };
		E64F74722A68CCA0001FD7AF /* elephant.mp4 */ = {isa = PBXFileReference; lastKnownFileType = file; path = elephant.mp4; sourceTree = "<group>"; };
		E64F747E2A68CCC0001FD7AF /* covers.json */ = {isa = PBXFileReference; fileEncoding = 4; lastKnownFileType = text.json; path = covers.json; sourceTree = "<group>"; };
		E64F747F2A68CCC0001FD7AF /* videos.json */ = {isa = PBXFileReference; fileEncoding = 4; lastKnownFileType = text.json; path = videos.json; sourceTree = "<group>"; };
		E64F74802A68CCC0001FD7AF /* animals.json */ = {isa = PBXFileReference; fileEncoding = 4; lastKnownFileType = text.json; path = animals.json; sourceTree = "<group>"; };
		E64F74812A68CCC0001FD7AF /* locations.json */ = {isa = PBXFileReference; fileEncoding = 4; lastKnownFileType = text.json; path = locations.json; sourceTree = "<group>"; };
		E64F74862A68CDDD001FD7AF /* Info.plist */ = {isa = PBXFileReference; lastKnownFileType = text.plist; path = Info.plist; sourceTree = "<group>"; };
		E64F74882A68D0B8001FD7AF /* VideoListView.swift */ = {isa = PBXFileReference; lastKnownFileType = sourcecode.swift; path = VideoListView.swift; sourceTree = "<group>"; };
		E64F748A2A68D0E2001FD7AF /* MapView.swift */ = {isa = PBXFileReference; lastKnownFileType = sourcecode.swift; path = MapView.swift; sourceTree = "<group>"; };
		E64F748C2A68D0ED001FD7AF /* GalleryView.swift */ = {isa = PBXFileReference; lastKnownFileType = sourcecode.swift; path = GalleryView.swift; sourceTree = "<group>"; };
		E64F748E2A68D0F7001FD7AF /* MainView.swift */ = {isa = PBXFileReference; lastKnownFileType = sourcecode.swift; path = MainView.swift; sourceTree = "<group>"; };
		E64F74912A68E3DB001FD7AF /* CoverImageView.swift */ = {isa = PBXFileReference; lastKnownFileType = sourcecode.swift; path = CoverImageView.swift; sourceTree = "<group>"; };
		E64F74942A691A3B001FD7AF /* CoverImageModel.swift */ = {isa = PBXFileReference; lastKnownFileType = sourcecode.swift; path = CoverImageModel.swift; sourceTree = "<group>"; };
		E64F74972A691B37001FD7AF /* CodableBundleExtension.swift */ = {isa = PBXFileReference; lastKnownFileType = sourcecode.swift; path = CodableBundleExtension.swift; sourceTree = "<group>"; };
		E64F749B2A692ABB001FD7AF /* AnimalListItemView.swift */ = {isa = PBXFileReference; lastKnownFileType = sourcecode.swift; path = AnimalListItemView.swift; sourceTree = "<group>"; };
		E64F749D2A693431001FD7AF /* AnimalModel.swift */ = {isa = PBXFileReference; lastKnownFileType = sourcecode.swift; path = AnimalModel.swift; sourceTree = "<group>"; };
		E64F74A12A6A2386001FD7AF /* AnimalDetailView.swift */ = {isa = PBXFileReference; lastKnownFileType = sourcecode.swift; path = AnimalDetailView.swift; sourceTree = "<group>"; };
		E65BFF172A8FCE8B003820BD /* VideoModel.swift */ = {isa = PBXFileReference; lastKnownFileType = sourcecode.swift; path = VideoModel.swift; sourceTree = "<group>"; };
		E65BFF192A8FCF29003820BD /* VideoListItemView.swift */ = {isa = PBXFileReference; lastKnownFileType = sourcecode.swift; path = VideoListItemView.swift; sourceTree = "<group>"; };
		E694E6692A9DE186003AA15E /* VideoPlayerView.swift */ = {isa = PBXFileReference; lastKnownFileType = sourcecode.swift; path = VideoPlayerView.swift; sourceTree = "<group>"; };
		E694E66C2A9DE2F3003AA15E /* VideoPlayerHelper.swift */ = {isa = PBXFileReference; lastKnownFileType = sourcecode.swift; path = VideoPlayerHelper.swift; sourceTree = "<group>"; };
		E694E66E2A9DEA6E003AA15E /* LocationModel.swift */ = {isa = PBXFileReference; lastKnownFileType = sourcecode.swift; path = LocationModel.swift; sourceTree = "<group>"; };
		E694E6722A9EF4D7003AA15E /* MapAnnotationView.swift */ = {isa = PBXFileReference; lastKnownFileType = sourcecode.swift; path = MapAnnotationView.swift; sourceTree = "<group>"; };
		E694E6742A9F12B4003AA15E /* MotionAnimationView.swift */ = {isa = PBXFileReference; lastKnownFileType = sourcecode.swift; path = MotionAnimationView.swift; sourceTree = "<group>"; };
		E6D42BF32A73B2CA0070B058 /* HeadingView.swift */ = {isa = PBXFileReference; lastKnownFileType = sourcecode.swift; path = HeadingView.swift; sourceTree = "<group>"; };
		E6D42BF52A73B56D0070B058 /* InsideGalleryView.swift */ = {isa = PBXFileReference; lastKnownFileType = sourcecode.swift; path = InsideGalleryView.swift; sourceTree = "<group>"; };
		E6D42BF72A73BB220070B058 /* InsetFactView.swift */ = {isa = PBXFileReference; lastKnownFileType = sourcecode.swift; path = InsetFactView.swift; sourceTree = "<group>"; };
		E6D42BF92A73BF9F0070B058 /* InsetMapView.swift */ = {isa = PBXFileReference; lastKnownFileType = sourcecode.swift; path = InsetMapView.swift; sourceTree = "<group>"; };
		E6D42BFB2A73C8950070B058 /* ExternalWeblinkView.swift */ = {isa = PBXFileReference; lastKnownFileType = sourcecode.swift; path = ExternalWeblinkView.swift; sourceTree = "<group>"; };
/* End PBXFileReference section */

/* Begin PBXFrameworksBuildPhase section */
		E64F74542A68C881001FD7AF /* Frameworks */ = {
			isa = PBXFrameworksBuildPhase;
			buildActionMask = 2147483647;
			files = (
			);
			runOnlyForDeploymentPostprocessing = 0;
		};
/* End PBXFrameworksBuildPhase section */

/* Begin PBXGroup section */
		E64F744E2A68C881001FD7AF = {
			isa = PBXGroup;
			children = (
				E64F74592A68C881001FD7AF /* Africa */,
				E64F74582A68C881001FD7AF /* Products */,
			);
			indentWidth = 2;
			sourceTree = "<group>";
			tabWidth = 2;
		};
		E64F74582A68C881001FD7AF /* Products */ = {
			isa = PBXGroup;
			children = (
				E64F74572A68C881001FD7AF /* Africa.app */,
			);
			name = Products;
			sourceTree = "<group>";
		};
		E64F74592A68C881001FD7AF /* Africa */ = {
			isa = PBXGroup;
			children = (
				E694E66B2A9DE2DB003AA15E /* Helpers */,
				E64F74962A691B20001FD7AF /* Extennsion */,
				E64F74932A691A2B001FD7AF /* Model */,
				E64F74902A68E3BE001FD7AF /* View */,
				E64F74862A68CDDD001FD7AF /* Info.plist */,
				E64F747D2A68CCB0001FD7AF /* Data */,
				E64F74682A68CC79001FD7AF /* Video */,
				E64F74872A68D08F001FD7AF /* App */,
				E64F745E2A68C883001FD7AF /* Assets.xcassets */,
				E64F74602A68C883001FD7AF /* Preview Content */,
			);
			path = Africa;
			sourceTree = "<group>";
		};
		E64F74602A68C883001FD7AF /* Preview Content */ = {
			isa = PBXGroup;
			children = (
				E64F74612A68C883001FD7AF /* Preview Assets.xcassets */,
			);
			path = "Preview Content";
			sourceTree = "<group>";
		};
		E64F74682A68CC79001FD7AF /* Video */ = {
			isa = PBXGroup;
			children = (
				E64F746C2A68CC9F001FD7AF /* cheetah.mp4 */,
				E64F74722A68CCA0001FD7AF /* elephant.mp4 */,
				E64F746B2A68CC9E001FD7AF /* giraffe.mp4 */,
				E64F746F2A68CC9F001FD7AF /* gorilla.mp4 */,
				E64F74712A68CCA0001FD7AF /* hippo.mp4 */,
				E64F74692A68CC9E001FD7AF /* lion.mp4 */,
				E64F746D2A68CC9F001FD7AF /* lioness.mp4 */,
				E64F74702A68CC9F001FD7AF /* ostrich.mp4 */,
				E64F746E2A68CC9F001FD7AF /* rhino.mp4 */,
				E64F746A2A68CC9E001FD7AF /* zebra.mp4 */,
			);
			path = Video;
			sourceTree = "<group>";
		};
		E64F747D2A68CCB0001FD7AF /* Data */ = {
			isa = PBXGroup;
			children = (
				E64F74802A68CCC0001FD7AF /* animals.json */,
				E64F747E2A68CCC0001FD7AF /* covers.json */,
				E64F74812A68CCC0001FD7AF /* locations.json */,
				E64F747F2A68CCC0001FD7AF /* videos.json */,
			);
			path = Data;
			sourceTree = "<group>";
		};
		E64F74872A68D08F001FD7AF /* App */ = {
			isa = PBXGroup;
			children = (
				E64F745A2A68C881001FD7AF /* AfricaApp.swift */,
				E64F745C2A68C881001FD7AF /* ContentView.swift */,
				E64F74882A68D0B8001FD7AF /* VideoListView.swift */,
				E64F748A2A68D0E2001FD7AF /* MapView.swift */,
				E64F748C2A68D0ED001FD7AF /* GalleryView.swift */,
				E64F748E2A68D0F7001FD7AF /* MainView.swift */,
			);
			path = App;
			sourceTree = "<group>";
		};
		E64F74902A68E3BE001FD7AF /* View */ = {
			isa = PBXGroup;
			children = (
				E64F74912A68E3DB001FD7AF /* CoverImageView.swift */,
				E64F749B2A692ABB001FD7AF /* AnimalListItemView.swift */,
				E64F74A12A6A2386001FD7AF /* AnimalDetailView.swift */,
				E6D42BF32A73B2CA0070B058 /* HeadingView.swift */,
				E6D42BF52A73B56D0070B058 /* InsideGalleryView.swift */,
				E6D42BF72A73BB220070B058 /* InsetFactView.swift */,
				E6D42BF92A73BF9F0070B058 /* InsetMapView.swift */,
				E6D42BFB2A73C8950070B058 /* ExternalWeblinkView.swift */,
				E65BFF192A8FCF29003820BD /* VideoListItemView.swift */,
				E694E6692A9DE186003AA15E /* VideoPlayerView.swift */,
				E694E6722A9EF4D7003AA15E /* MapAnnotationView.swift */,
				E694E6742A9F12B4003AA15E /* MotionAnimationView.swift */,
			);
			path = View;
			sourceTree = "<group>";
		};
		E64F74932A691A2B001FD7AF /* Model */ = {
			isa = PBXGroup;
			children = (
				E64F74942A691A3B001FD7AF /* CoverImageModel.swift */,
				E64F749D2A693431001FD7AF /* AnimalModel.swift */,
				E65BFF172A8FCE8B003820BD /* VideoModel.swift */,
				E694E66E2A9DEA6E003AA15E /* LocationModel.swift */,
			);
			path = Model;
			sourceTree = "<group>";
		};
		E64F74962A691B20001FD7AF /* Extennsion */ = {
			isa = PBXGroup;
			children = (
				E64F74972A691B37001FD7AF /* CodableBundleExtension.swift */,
			);
			path = Extennsion;
			sourceTree = "<group>";
		};
		E694E66B2A9DE2DB003AA15E /* Helpers */ = {
			isa = PBXGroup;
			children = (
				E694E66C2A9DE2F3003AA15E /* VideoPlayerHelper.swift */,
			);
			path = Helpers;
			sourceTree = "<group>";
		};
/* End PBXGroup section */

/* Begin PBXNativeTarget section */
		E64F74562A68C881001FD7AF /* Africa */ = {
			isa = PBXNativeTarget;
			buildConfigurationList = E64F74652A68C883001FD7AF /* Build configuration list for PBXNativeTarget "Africa" */;
			buildPhases = (
				E64F74532A68C881001FD7AF /* Sources */,
				E64F74542A68C881001FD7AF /* Frameworks */,
				E64F74552A68C881001FD7AF /* Resources */,
			);
			buildRules = (
			);
			dependencies = (
			);
			name = Africa;
			productName = Africa;
			productReference = E64F74572A68C881001FD7AF /* Africa.app */;
			productType = "com.apple.product-type.application";
		};
/* End PBXNativeTarget section */

/* Begin PBXProject section */
		E64F744F2A68C881001FD7AF /* Project object */ = {
			isa = PBXProject;
			attributes = {
				BuildIndependentTargetsInParallel = 1;
				LastSwiftUpdateCheck = 1430;
				LastUpgradeCheck = 1430;
				TargetAttributes = {
					E64F74562A68C881001FD7AF = {
						CreatedOnToolsVersion = 14.3.1;
					};
				};
			};
			buildConfigurationList = E64F74522A68C881001FD7AF /* Build configuration list for PBXProject "Africa" */;
			compatibilityVersion = "Xcode 14.0";
			developmentRegion = en;
			hasScannedForEncodings = 0;
			knownRegions = (
				en,
				Base,
			);
			mainGroup = E64F744E2A68C881001FD7AF;
			productRefGroup = E64F74582A68C881001FD7AF /* Products */;
			projectDirPath = "";
			projectRoot = "";
			targets = (
				E64F74562A68C881001FD7AF /* Africa */,
			);
		};
/* End PBXProject section */

/* Begin PBXResourcesBuildPhase section */
		E64F74552A68C881001FD7AF /* Resources */ = {
			isa = PBXResourcesBuildPhase;
			buildActionMask = 2147483647;
			files = (
				E64F74842A68CCC0001FD7AF /* animals.json in Resources */,
				E64F74822A68CCC0001FD7AF /* covers.json in Resources */,
				E64F74852A68CCC0001FD7AF /* locations.json in Resources */,
				E64F74782A68CCA0001FD7AF /* rhino.mp4 in Resources */,
				E64F747B2A68CCA0001FD7AF /* hippo.mp4 in Resources */,
				E64F74832A68CCC0001FD7AF /* videos.json in Resources */,
				E64F74792A68CCA0001FD7AF /* gorilla.mp4 in Resources */,
				E64F74742A68CCA0001FD7AF /* zebra.mp4 in Resources */,
				E64F74622A68C883001FD7AF /* Preview Assets.xcassets in Resources */,
				E64F74762A68CCA0001FD7AF /* cheetah.mp4 in Resources */,
				E64F74732A68CCA0001FD7AF /* lion.mp4 in Resources */,
				E64F745F2A68C883001FD7AF /* Assets.xcassets in Resources */,
				E64F747C2A68CCA0001FD7AF /* elephant.mp4 in Resources */,
				E64F74772A68CCA0001FD7AF /* lioness.mp4 in Resources */,
				E64F747A2A68CCA0001FD7AF /* ostrich.mp4 in Resources */,
				E64F74752A68CCA0001FD7AF /* giraffe.mp4 in Resources */,
			);
			runOnlyForDeploymentPostprocessing = 0;
		};
/* End PBXResourcesBuildPhase section */

/* Begin PBXSourcesBuildPhase section */
		E64F74532A68C881001FD7AF /* Sources */ = {
			isa = PBXSourcesBuildPhase;
			buildActionMask = 2147483647;
			files = (
				E6D42BFC2A73C8950070B058 /* ExternalWeblinkView.swift in Sources */,
				E64F745D2A68C881001FD7AF /* ContentView.swift in Sources */,
				E64F749C2A692ABB001FD7AF /* AnimalListItemView.swift in Sources */,
				E64F749E2A693432001FD7AF /* AnimalModel.swift in Sources */,
				E6D42BF82A73BB220070B058 /* InsetFactView.swift in Sources */,
				E64F748F2A68D0F7001FD7AF /* MainView.swift in Sources */,
				E64F74922A68E3DB001FD7AF /* CoverImageView.swift in Sources */,
				E64F74A22A6A2386001FD7AF /* AnimalDetailView.swift in Sources */,
				E64F74952A691A3B001FD7AF /* CoverImageModel.swift in Sources */,
				E64F748B2A68D0E2001FD7AF /* MapView.swift in Sources */,
				E694E66D2A9DE2F3003AA15E /* VideoPlayerHelper.swift in Sources */,
				E6D42BFA2A73BF9F0070B058 /* InsetMapView.swift in Sources */,
				E64F745B2A68C881001FD7AF /* AfricaApp.swift in Sources */,
				E694E6732A9EF4D7003AA15E /* MapAnnotationView.swift in Sources */,
				E6D42BF62A73B56D0070B058 /* InsideGalleryView.swift in Sources */,
				E65BFF182A8FCE8B003820BD /* VideoModel.swift in Sources */,
				E64F74892A68D0B8001FD7AF /* VideoListView.swift in Sources */,
				E694E66F2A9DEA6E003AA15E /* LocationModel.swift in Sources */,
				E64F748D2A68D0ED001FD7AF /* GalleryView.swift in Sources */,
				E65BFF1A2A8FCF29003820BD /* VideoListItemView.swift in Sources */,
				E64F74982A691B37001FD7AF /* CodableBundleExtension.swift in Sources */,
				E694E6752A9F12B5003AA15E /* MotionAnimationView.swift in Sources */,
				E6D42BF42A73B2CA0070B058 /* HeadingView.swift in Sources */,
				E694E66A2A9DE186003AA15E /* VideoPlayerView.swift in Sources */,
			);
			runOnlyForDeploymentPostprocessing = 0;
		};
/* End PBXSourcesBuildPhase section */

/* Begin XCBuildConfiguration section */
		E64F74632A68C883001FD7AF /* Debug */ = {
			isa = XCBuildConfiguration;
			buildSettings = {
				ALWAYS_SEARCH_USER_PATHS = NO;
				CLANG_ANALYZER_NONNULL = YES;
				CLANG_ANALYZER_NUMBER_OBJECT_CONVERSION = YES_AGGRESSIVE;
				CLANG_CXX_LANGUAGE_STANDARD = "gnu++20";
				CLANG_ENABLE_MODULES = YES;
				CLANG_ENABLE_OBJC_ARC = YES;
				CLANG_ENABLE_OBJC_WEAK = YES;
				CLANG_WARN_BLOCK_CAPTURE_AUTORELEASING = YES;
				CLANG_WARN_BOOL_CONVERSION = YES;
				CLANG_WARN_COMMA = YES;
				CLANG_WARN_CONSTANT_CONVERSION = YES;
				CLANG_WARN_DEPRECATED_OBJC_IMPLEMENTATIONS = YES;
				CLANG_WARN_DIRECT_OBJC_ISA_USAGE = YES_ERROR;
				CLANG_WARN_DOCUMENTATION_COMMENTS = YES;
				CLANG_WARN_EMPTY_BODY = YES;
				CLANG_WARN_ENUM_CONVERSION = YES;
				CLANG_WARN_INFINITE_RECURSION = YES;
				CLANG_WARN_INT_CONVERSION = YES;
				CLANG_WARN_NON_LITERAL_NULL_CONVERSION = YES;
				CLANG_WARN_OBJC_IMPLICIT_RETAIN_SELF = YES;
				CLANG_WARN_OBJC_LITERAL_CONVERSION = YES;
				CLANG_WARN_OBJC_ROOT_CLASS = YES_ERROR;
				CLANG_WARN_QUOTED_INCLUDE_IN_FRAMEWORK_HEADER = YES;
				CLANG_WARN_RANGE_LOOP_ANALYSIS = YES;
				CLANG_WARN_STRICT_PROTOTYPES = YES;
				CLANG_WARN_SUSPICIOUS_MOVE = YES;
				CLANG_WARN_UNGUARDED_AVAILABILITY = YES_AGGRESSIVE;
				CLANG_WARN_UNREACHABLE_CODE = YES;
				CLANG_WARN__DUPLICATE_METHOD_MATCH = YES;
				COPY_PHASE_STRIP = NO;
				DEBUG_INFORMATION_FORMAT = dwarf;
				ENABLE_STRICT_OBJC_MSGSEND = YES;
				ENABLE_TESTABILITY = YES;
				GCC_C_LANGUAGE_STANDARD = gnu11;
				GCC_DYNAMIC_NO_PIC = NO;
				GCC_NO_COMMON_BLOCKS = YES;
				GCC_OPTIMIZATION_LEVEL = 0;
				GCC_PREPROCESSOR_DEFINITIONS = (
					"DEBUG=1",
					"$(inherited)",
				);
				GCC_WARN_64_TO_32_BIT_CONVERSION = YES;
				GCC_WARN_ABOUT_RETURN_TYPE = YES_ERROR;
				GCC_WARN_UNDECLARED_SELECTOR = YES;
				GCC_WARN_UNINITIALIZED_AUTOS = YES_AGGRESSIVE;
				GCC_WARN_UNUSED_FUNCTION = YES;
				GCC_WARN_UNUSED_VARIABLE = YES;
				IPHONEOS_DEPLOYMENT_TARGET = 16.4;
				MTL_ENABLE_DEBUG_INFO = INCLUDE_SOURCE;
				MTL_FAST_MATH = YES;
				ONLY_ACTIVE_ARCH = YES;
				SDKROOT = iphoneos;
				SWIFT_ACTIVE_COMPILATION_CONDITIONS = DEBUG;
				SWIFT_OPTIMIZATION_LEVEL = "-Onone";
			};
			name = Debug;
		};
		E64F74642A68C883001FD7AF /* Release */ = {
			isa = XCBuildConfiguration;
			buildSettings = {
				ALWAYS_SEARCH_USER_PATHS = NO;
				CLANG_ANALYZER_NONNULL = YES;
				CLANG_ANALYZER_NUMBER_OBJECT_CONVERSION = YES_AGGRESSIVE;
				CLANG_CXX_LANGUAGE_STANDARD = "gnu++20";
				CLANG_ENABLE_MODULES = YES;
				CLANG_ENABLE_OBJC_ARC = YES;
				CLANG_ENABLE_OBJC_WEAK = YES;
				CLANG_WARN_BLOCK_CAPTURE_AUTORELEASING = YES;
				CLANG_WARN_BOOL_CONVERSION = YES;
				CLANG_WARN_COMMA = YES;
				CLANG_WARN_CONSTANT_CONVERSION = YES;
				CLANG_WARN_DEPRECATED_OBJC_IMPLEMENTATIONS = YES;
				CLANG_WARN_DIRECT_OBJC_ISA_USAGE = YES_ERROR;
				CLANG_WARN_DOCUMENTATION_COMMENTS = YES;
				CLANG_WARN_EMPTY_BODY = YES;
				CLANG_WARN_ENUM_CONVERSION = YES;
				CLANG_WARN_INFINITE_RECURSION = YES;
				CLANG_WARN_INT_CONVERSION = YES;
				CLANG_WARN_NON_LITERAL_NULL_CONVERSION = YES;
				CLANG_WARN_OBJC_IMPLICIT_RETAIN_SELF = YES;
				CLANG_WARN_OBJC_LITERAL_CONVERSION = YES;
				CLANG_WARN_OBJC_ROOT_CLASS = YES_ERROR;
				CLANG_WARN_QUOTED_INCLUDE_IN_FRAMEWORK_HEADER = YES;
				CLANG_WARN_RANGE_LOOP_ANALYSIS = YES;
				CLANG_WARN_STRICT_PROTOTYPES = YES;
				CLANG_WARN_SUSPICIOUS_MOVE = YES;
				CLANG_WARN_UNGUARDED_AVAILABILITY = YES_AGGRESSIVE;
				CLANG_WARN_UNREACHABLE_CODE = YES;
				CLANG_WARN__DUPLICATE_METHOD_MATCH = YES;
				COPY_PHASE_STRIP = NO;
				DEBUG_INFORMATION_FORMAT = "dwarf-with-dsym";
				ENABLE_NS_ASSERTIONS = NO;
				ENABLE_STRICT_OBJC_MSGSEND = YES;
				GCC_C_LANGUAGE_STANDARD = gnu11;
				GCC_NO_COMMON_BLOCKS = YES;
				GCC_WARN_64_TO_32_BIT_CONVERSION = YES;
				GCC_WARN_ABOUT_RETURN_TYPE = YES_ERROR;
				GCC_WARN_UNDECLARED_SELECTOR = YES;
				GCC_WARN_UNINITIALIZED_AUTOS = YES_AGGRESSIVE;
				GCC_WARN_UNUSED_FUNCTION = YES;
				GCC_WARN_UNUSED_VARIABLE = YES;
				IPHONEOS_DEPLOYMENT_TARGET = 16.4;
				MTL_ENABLE_DEBUG_INFO = NO;
				MTL_FAST_MATH = YES;
				SDKROOT = iphoneos;
				SWIFT_COMPILATION_MODE = wholemodule;
				SWIFT_OPTIMIZATION_LEVEL = "-O";
				VALIDATE_PRODUCT = YES;
			};
			name = Release;
		};
		E64F74662A68C883001FD7AF /* Debug */ = {
			isa = XCBuildConfiguration;
			buildSettings = {
				ASSETCATALOG_COMPILER_APPICON_NAME = AppIcon;
				ASSETCATALOG_COMPILER_GLOBAL_ACCENT_COLOR_NAME = AccentColor;
				CODE_SIGN_STYLE = Automatic;
				CURRENT_PROJECT_VERSION = 1;
				DEVELOPMENT_ASSET_PATHS = "\"Africa/Preview Content\"";
				DEVELOPMENT_TEAM = W6NYRRRG5Q;
				ENABLE_PREVIEWS = YES;
				GENERATE_INFOPLIST_FILE = YES;
				INFOPLIST_FILE = Africa/Info.plist;
				INFOPLIST_KEY_UIApplicationSceneManifest_Generation = YES;
				INFOPLIST_KEY_UIApplicationSupportsIndirectInputEvents = YES;
				INFOPLIST_KEY_UISupportedInterfaceOrientations_iPad = "UIInterfaceOrientationPortrait UIInterfaceOrientationPortraitUpsideDown UIInterfaceOrientationLandscapeLeft UIInterfaceOrientationLandscapeRight";
				INFOPLIST_KEY_UISupportedInterfaceOrientations_iPhone = "UIInterfaceOrientationPortrait UIInterfaceOrientationLandscapeLeft UIInterfaceOrientationLandscapeRight";
				INFOPLIST_KEY_UIUserInterfaceStyle = Dark;
				LD_RUNPATH_SEARCH_PATHS = (
					"$(inherited)",
					"@executable_path/Frameworks",
				);
				MARKETING_VERSION = 1.0;
				PRODUCT_BUNDLE_IDENTIFIER = com.dhikadityre.Africa;
				PRODUCT_NAME = "$(TARGET_NAME)";
				SWIFT_EMIT_LOC_STRINGS = YES;
				SWIFT_VERSION = 5.0;
				TARGETED_DEVICE_FAMILY = "1,2";
			};
			name = Debug;
		};
		E64F74672A68C883001FD7AF /* Release */ = {
			isa = XCBuildConfiguration;
			buildSettings = {
				ASSETCATALOG_COMPILER_APPICON_NAME = AppIcon;
				ASSETCATALOG_COMPILER_GLOBAL_ACCENT_COLOR_NAME = AccentColor;
				CODE_SIGN_STYLE = Automatic;
				CURRENT_PROJECT_VERSION = 1;
				DEVELOPMENT_ASSET_PATHS = "\"Africa/Preview Content\"";
				DEVELOPMENT_TEAM = W6NYRRRG5Q;
				ENABLE_PREVIEWS = YES;
				GENERATE_INFOPLIST_FILE = YES;
				INFOPLIST_FILE = Africa/Info.plist;
				INFOPLIST_KEY_UIApplicationSceneManifest_Generation = YES;
				INFOPLIST_KEY_UIApplicationSupportsIndirectInputEvents = YES;
				INFOPLIST_KEY_UISupportedInterfaceOrientations_iPad = "UIInterfaceOrientationPortrait UIInterfaceOrientationPortraitUpsideDown UIInterfaceOrientationLandscapeLeft UIInterfaceOrientationLandscapeRight";
				INFOPLIST_KEY_UISupportedInterfaceOrientations_iPhone = "UIInterfaceOrientationPortrait UIInterfaceOrientationLandscapeLeft UIInterfaceOrientationLandscapeRight";
				INFOPLIST_KEY_UIUserInterfaceStyle = Dark;
				LD_RUNPATH_SEARCH_PATHS = (
					"$(inherited)",
					"@executable_path/Frameworks",
				);
				MARKETING_VERSION = 1.0;
				PRODUCT_BUNDLE_IDENTIFIER = com.dhikadityre.Africa;
				PRODUCT_NAME = "$(TARGET_NAME)";
				SWIFT_EMIT_LOC_STRINGS = YES;
				SWIFT_VERSION = 5.0;
				TARGETED_DEVICE_FAMILY = "1,2";
			};
			name = Release;
		};
/* End XCBuildConfiguration section */

/* Begin XCConfigurationList section */
		E64F74522A68C881001FD7AF /* Build configuration list for PBXProject "Africa" */ = {
			isa = XCConfigurationList;
			buildConfigurations = (
				E64F74632A68C883001FD7AF /* Debug */,
				E64F74642A68C883001FD7AF /* Release */,
			);
			defaultConfigurationIsVisible = 0;
			defaultConfigurationName = Release;
		};
		E64F74652A68C883001FD7AF /* Build configuration list for PBXNativeTarget "Africa" */ = {
			isa = XCConfigurationList;
			buildConfigurations = (
				E64F74662A68C883001FD7AF /* Debug */,
				E64F74672A68C883001FD7AF /* Release */,
			);
			defaultConfigurationIsVisible = 0;
			defaultConfigurationName = Release;
		};
/* End XCConfigurationList section */
	};
	rootObject = E64F744F2A68C881001FD7AF /* Project object */;
}
